
Microsoft Visual Studio Solution File, Format Version 12.00
# Visual Studio Version 16
VisualStudioVersion = 16.0.30621.155
MinimumVisualStudioVersion = 10.0.40219.1
Project("{FAE04EC0-301F-11D3-BF4B-00C04F79EFBC}") = "UltimateASPNETCore3WebAPI", "UltimateASPNETCore3WebAPI\UltimateASPNETCore3WebAPI.csproj", "{23BBF1E1-2A41-4A2D-A0F1-4E51472DE4F3}"
EndProject
Global
	GlobalSection(SolutionConfigurationPlatforms) = preSolution
		Debug|Any CPU = Debug|Any CPU
		Release|Any CPU = Release|Any CPU
	EndGlobalSection
	GlobalSection(ProjectConfigurationPlatforms) = postSolution
		{23BBF1E1-2A41-4A2D-A0F1-4E51472DE4F3}.Debug|Any CPU.ActiveCfg = Debug|Any CPU
		{23BBF1E1-2A41-4A2D-A0F1-4E51472DE4F3}.Debug|Any CPU.Build.0 = Debug|Any CPU
		{23BBF1E1-2A41-4A2D-A0F1-4E51472DE4F3}.Release|Any CPU.ActiveCfg = Release|Any CPU
		{23BBF1E1-2A41-4A2D-A0F1-4E51472DE4F3}.Release|Any CPU.Build.0 = Release|Any CPU
	EndGlobalSection
	GlobalSection(SolutionProperties) = preSolution
		HideSolutionNode = FALSE
	EndGlobalSection
	GlobalSection(ExtensibilityGlobals) = postSolution
		SolutionGuid = {DEA6E286-E422-4C34-9045-B547BC60E559}
	EndGlobalSection
EndGlobal
